
Microsoft Visual Studio Solution File, Format Version 12.00
# Visual Studio Version 17
VisualStudioVersion = 17.0.31903.59
MinimumVisualStudioVersion = 10.0.40219.1
Project("{FAE04EC0-301F-11D3-BF4B-00C04F79EFBC}") = "DSP_Lab_5", "DSP_Lab_5.csproj", "{B6A912D9-F6AE-43B2-A65A-8D55F3FDE052}"
EndProject
Global
	GlobalSection(SolutionConfigurationPlatforms) = preSolution
		Debug|Any CPU = Debug|Any CPU
		Release|Any CPU = Release|Any CPU
	EndGlobalSection
	GlobalSection(ProjectConfigurationPlatforms) = postSolution
		{B6A912D9-F6AE-43B2-A65A-8D55F3FDE052}.Debug|Any CPU.ActiveCfg = Debug|Any CPU
		{B6A912D9-F6AE-43B2-A65A-8D55F3FDE052}.Debug|Any CPU.Build.0 = Debug|Any CPU
		{B6A912D9-F6AE-43B2-A65A-8D55F3FDE052}.Release|Any CPU.ActiveCfg = Release|Any CPU
		{B6A912D9-F6AE-43B2-A65A-8D55F3FDE052}.Release|Any CPU.Build.0 = Release|Any CPU
	EndGlobalSection
	GlobalSection(SolutionProperties) = preSolution
		HideSolutionNode = FALSE
	EndGlobalSection
	GlobalSection(ExtensibilityGlobals) = postSolution
		SolutionGuid = {EB13639B-AA90-4365-8877-272A4E8EA5D2}
	EndGlobalSection
EndGlobal
